
Microsoft Visual Studio Solution File, Format Version 12.00
# Visual Studio Version 17
VisualStudioVersion = 17.6.33829.357
MinimumVisualStudioVersion = 10.0.40219.1
Project("{FAE04EC0-301F-11D3-BF4B-00C04F79EFBC}") = "TransactionFilterApi.UI", "TransactionFilterApi.UI\TransactionFilterApi.UI.csproj", "{2D6AC122-054C-4FE7-AA0D-A814695D14DF}"
EndProject
Project("{FAE04EC0-301F-11D3-BF4B-00C04F79EFBC}") = "TransactionApiFilter.Data", "TransactionApiFilter.Data\TransactionApiFilter.Data.csproj", "{2F3B4670-F2BB-464E-A052-C791FC790AA1}"
EndProject
Project("{FAE04EC0-301F-11D3-BF4B-00C04F79EFBC}") = "TransactionFilter.Base", "TransactionFilter.Base\TransactionFilter.Base.csproj", "{38AF3998-7F97-43A1-B05C-2691361A2AC7}"
EndProject
Global
	GlobalSection(SolutionConfigurationPlatforms) = preSolution
		Debug|Any CPU = Debug|Any CPU
		Release|Any CPU = Release|Any CPU
	EndGlobalSection
	GlobalSection(ProjectConfigurationPlatforms) = postSolution
		{2D6AC122-054C-4FE7-AA0D-A814695D14DF}.Debug|Any CPU.ActiveCfg = Debug|Any CPU
		{2D6AC122-054C-4FE7-AA0D-A814695D14DF}.Debug|Any CPU.Build.0 = Debug|Any CPU
		{2D6AC122-054C-4FE7-AA0D-A814695D14DF}.Release|Any CPU.ActiveCfg = Release|Any CPU
		{2D6AC122-054C-4FE7-AA0D-A814695D14DF}.Release|Any CPU.Build.0 = Release|Any CPU
		{2F3B4670-F2BB-464E-A052-C791FC790AA1}.Debug|Any CPU.ActiveCfg = Debug|Any CPU
		{2F3B4670-F2BB-464E-A052-C791FC790AA1}.Debug|Any CPU.Build.0 = Debug|Any CPU
		{2F3B4670-F2BB-464E-A052-C791FC790AA1}.Release|Any CPU.ActiveCfg = Release|Any CPU
		{2F3B4670-F2BB-464E-A052-C791FC790AA1}.Release|Any CPU.Build.0 = Release|Any CPU
		{38AF3998-7F97-43A1-B05C-2691361A2AC7}.Debug|Any CPU.ActiveCfg = Debug|Any CPU
		{38AF3998-7F97-43A1-B05C-2691361A2AC7}.Debug|Any CPU.Build.0 = Debug|Any CPU
		{38AF3998-7F97-43A1-B05C-2691361A2AC7}.Release|Any CPU.ActiveCfg = Release|Any CPU
		{38AF3998-7F97-43A1-B05C-2691361A2AC7}.Release|Any CPU.Build.0 = Release|Any CPU
	EndGlobalSection
	GlobalSection(SolutionProperties) = preSolution
		HideSolutionNode = FALSE
	EndGlobalSection
	GlobalSection(ExtensibilityGlobals) = postSolution
		SolutionGuid = {093FD666-3698-4709-810D-1137F52E06B4}
	EndGlobalSection
EndGlobal
